# This file is generated by running "yarn install" inside your project.
# Manual changes might be lost - proceed with caution!

__metadata:
  version: 8
  cacheKey: 10c0

"@prettier/plugin-php@npm:^0.17.3":
  version: 0.17.6
  resolution: "@prettier/plugin-php@npm:0.17.6"
  dependencies:
    linguist-languages: "npm:^7.5.1"
    mem: "npm:^8.0.0"
    php-parser: "git+https://github.com/glayzzle/php-parser.git#27abcb2337ac6450c068ef064982dfabf77916a5"
  peerDependencies:
    prettier: ^1.15.0 || ^2.0.0
  checksum: b7e0cde54270907e82e9d4ce723860a0b9cd1826f2a230b0c3a2846b645b69ab675f190e995bd8bdad9aee33ffe2b5bcdff472535a32ea4ea70b370c3e5d5d13
  languageName: node
  linkType: hard

"color-api@workspace:.":
  version: 0.0.0-use.local
  resolution: "color-api@workspace:."
  dependencies:
    "@prettier/plugin-php": "npm:^0.17.3"
    prettier: "npm:^2.3.2"
  languageName: unknown
  linkType: soft

"linguist-languages@npm:^7.5.1":
  version: 7.27.0
  resolution: "linguist-languages@npm:7.27.0"
  checksum: a4d4d63785155332736a59d58fe72310a4e449199e1ae7d7ba2334a81b9a10a249693d67e54af812ab36091d6396090e69b0370a3655a49f434e7e968516b714
  languageName: node
  linkType: hard

"map-age-cleaner@npm:^0.1.3":
  version: 0.1.3
  resolution: "map-age-cleaner@npm:0.1.3"
  dependencies:
    p-defer: "npm:^1.0.0"
  checksum: 7495236c7b0950956c144fd8b4bc6399d4e78072a8840a4232fe1c4faccbb5eb5d842e5c0a56a60afc36d723f315c1c672325ca03c1b328650f7fcc478f385fd
  languageName: node
  linkType: hard

"mem@npm:^8.0.0":
  version: 8.1.1
  resolution: "mem@npm:8.1.1"
  dependencies:
    map-age-cleaner: "npm:^0.1.3"
    mimic-fn: "npm:^3.1.0"
  checksum: 5829c404d024c1accaf76ebacbc7eae9b59e5ce5722d184aa24e8387a8097a499f6aa7e181021003c51eb87b2dcdc9a2270050c58753cce761de206643cba91c
  languageName: node
  linkType: hard

"mimic-fn@npm:^3.1.0":
  version: 3.1.0
  resolution: "mimic-fn@npm:3.1.0"
  checksum: a07cdd8ed6490c2dff5b11f889b245d9556b80f5a653a552a651d17cff5a2d156e632d235106c2369f00cccef4071704589574cf3601bc1b1400a1f620dff067
  languageName: node
  linkType: hard

"p-defer@npm:^1.0.0":
  version: 1.0.0
  resolution: "p-defer@npm:1.0.0"
  checksum: ed603c3790e74b061ac2cb07eb6e65802cf58dce0fbee646c113a7b71edb711101329ad38f99e462bd2e343a74f6e9366b496a35f1d766c187084d3109900487
  languageName: node
  linkType: hard

"php-parser@git+https://github.com/glayzzle/php-parser.git#27abcb2337ac6450c068ef064982dfabf77916a5":
  version: 3.0.2
  resolution: "php-parser@https://github.com/glayzzle/php-parser.git#commit=27abcb2337ac6450c068ef064982dfabf77916a5"
  checksum: bdefdf3956f936cb690a7ff9ed1aac74d76e91864a54ca7ac5c908d0a905ecca597b919ca110bac30c80cc793db1d40baf012a9e58c3d203e91d44d6e0a2b503
  languageName: node
  linkType: hard

"prettier@npm:^2.3.2":
  version: 2.8.8
  resolution: "prettier@npm:2.8.8"
  bin:
    prettier: bin-prettier.js
  checksum: 463ea8f9a0946cd5b828d8cf27bd8b567345cf02f56562d5ecde198b91f47a76b7ac9eae0facd247ace70e927143af6135e8cf411986b8cb8478784a4d6d724a
  languageName: node
  linkType: hard
